// !$*UTF8*$!
{
	archiveVersion = 1;
	classes = {
	};
	objectVersion = 50;
	objects = {

/* Begin PBXBuildFile section */
		F61423C0236413CB00133260 /* FeedGroupRecommendationBar1.swift in Sources */ = {isa = PBXBuildFile; fileRef = F61423BF236413CB00133260 /* FeedGroupRecommendationBar1.swift */; };
		F61423C22364149300133260 /* FeedGroupRecommendationViewModel1.swift in Sources */ = {isa = PBXBuildFile; fileRef = F61423C12364149300133260 /* FeedGroupRecommendationViewModel1.swift */; };
		F61423C42364178900133260 /* FeedRecCell1.swift in Sources */ = {isa = PBXBuildFile; fileRef = F61423C32364178900133260 /* FeedRecCell1.swift */; };
		F61FDA1223464CE800DD4B0F /* GroupCellViewModel.swift in Sources */ = {isa = PBXBuildFile; fileRef = F61FDA1123464CE800DD4B0F /* GroupCellViewModel.swift */; };
		F61FDA142346761E00DD4B0F /* GroupDetailViewModel.swift in Sources */ = {isa = PBXBuildFile; fileRef = F61FDA132346761E00DD4B0F /* GroupDetailViewModel.swift */; };
		F61FDA162346842300DD4B0F /* GroupRootViewModel.swift in Sources */ = {isa = PBXBuildFile; fileRef = F61FDA152346842300DD4B0F /* GroupRootViewModel.swift */; };
		F666952C233EBEF700AC42CA /* ProfileButton.swift in Sources */ = {isa = PBXBuildFile; fileRef = F666952B233EBEF700AC42CA /* ProfileButton.swift */; };
		F679A2D82364E42300BA7677 /* UpdateProfilePictureView.swift in Sources */ = {isa = PBXBuildFile; fileRef = F679A2D72364E42300BA7677 /* UpdateProfilePictureView.swift */; };
		F679A2DA2364F6D700BA7677 /* User.swift in Sources */ = {isa = PBXBuildFile; fileRef = F679A2D92364F6D700BA7677 /* User.swift */; };
		F679A2DC2364F76200BA7677 /* FeedPost.swift in Sources */ = {isa = PBXBuildFile; fileRef = F679A2DB2364F76200BA7677 /* FeedPost.swift */; };
		F679A2DF2364F95100BA7677 /* FilterCell.swift in Sources */ = {isa = PBXBuildFile; fileRef = F679A2DE2364F95100BA7677 /* FilterCell.swift */; };
		F679A2E12364FC8C00BA7677 /* ExploreSearchFilterMatrix1.swift in Sources */ = {isa = PBXBuildFile; fileRef = F679A2E02364FC8C00BA7677 /* ExploreSearchFilterMatrix1.swift */; };
		F679A2E32365505400BA7677 /* ExploreClusterCell.swift in Sources */ = {isa = PBXBuildFile; fileRef = F679A2E22365505400BA7677 /* ExploreClusterCell.swift */; };
		F688EFD8233D4AB200323C04 /* AppDelegate.swift in Sources */ = {isa = PBXBuildFile; fileRef = F688EFD7233D4AB200323C04 /* AppDelegate.swift */; };
		F688EFDA233D4AB200323C04 /* SceneDelegate.swift in Sources */ = {isa = PBXBuildFile; fileRef = F688EFD9233D4AB200323C04 /* SceneDelegate.swift */; };
		F688EFDD233D4AB200323C04 /* gridMVP_3_0.xcdatamodeld in Sources */ = {isa = PBXBuildFile; fileRef = F688EFDB233D4AB200323C04 /* gridMVP_3_0.xcdatamodeld */; };
		F688EFDF233D4AB200323C04 /* Root.swift in Sources */ = {isa = PBXBuildFile; fileRef = F688EFDE233D4AB200323C04 /* Root.swift */; };
		F688EFE1233D4AB300323C04 /* Assets.xcassets in Resources */ = {isa = PBXBuildFile; fileRef = F688EFE0233D4AB300323C04 /* Assets.xcassets */; };
		F688EFE4233D4AB300323C04 /* Preview Assets.xcassets in Resources */ = {isa = PBXBuildFile; fileRef = F688EFE3233D4AB300323C04 /* Preview Assets.xcassets */; };
		F688EFE7233D4AB300323C04 /* LaunchScreen.storyboard in Resources */ = {isa = PBXBuildFile; fileRef = F688EFE5233D4AB300323C04 /* LaunchScreen.storyboard */; };
		F688EFF2233D4AB300323C04 /* gridMVP_3_0Tests.swift in Sources */ = {isa = PBXBuildFile; fileRef = F688EFF1233D4AB300323C04 /* gridMVP_3_0Tests.swift */; };
		F688EFFD233D4AB300323C04 /* gridMVP_3_0UITests.swift in Sources */ = {isa = PBXBuildFile; fileRef = F688EFFC233D4AB300323C04 /* gridMVP_3_0UITests.swift */; };
		F69F47AC23429FF4005A8CB1 /* FeedFilterView.swift in Sources */ = {isa = PBXBuildFile; fileRef = F69F47AB23429FF4005A8CB1 /* FeedFilterView.swift */; };
		F69F47AE2342A000005A8CB1 /* FeedScanQRView.swift in Sources */ = {isa = PBXBuildFile; fileRef = F69F47AD2342A000005A8CB1 /* FeedScanQRView.swift */; };
		F69F47B02342A017005A8CB1 /* FeedMakePostView.swift in Sources */ = {isa = PBXBuildFile; fileRef = F69F47AF2342A017005A8CB1 /* FeedMakePostView.swift */; };
		F6BC51C723639FCA00453821 /* FeedHeaderViewModel.swift in Sources */ = {isa = PBXBuildFile; fileRef = F6BC51C623639FCA00453821 /* FeedHeaderViewModel.swift */; };
		F6BC51CA23640EDC00453821 /* FeedPostView.swift in Sources */ = {isa = PBXBuildFile; fileRef = F6BC51C923640EDC00453821 /* FeedPostView.swift */; };
		F6C81BCC233ECB72001FF388 /* FeedButtonBar.swift in Sources */ = {isa = PBXBuildFile; fileRef = F6C81BCB233ECB72001FF388 /* FeedButtonBar.swift */; };
		F6C81BD0233FB437001FF388 /* GroupCell.swift in Sources */ = {isa = PBXBuildFile; fileRef = F6C81BCF233FB437001FF388 /* GroupCell.swift */; };
		F6C81BD3233FB44D001FF388 /* GroupDetail.swift in Sources */ = {isa = PBXBuildFile; fileRef = F6C81BD2233FB44D001FF388 /* GroupDetail.swift */; };
		F6CDF7C9233E785C0091F622 /* FeedRootView.swift in Sources */ = {isa = PBXBuildFile; fileRef = F6CDF7C8233E785C0091F622 /* FeedRootView.swift */; };
		F6CDF7CB233E78AD0091F622 /* GroupRootView.swift in Sources */ = {isa = PBXBuildFile; fileRef = F6CDF7CA233E78AD0091F622 /* GroupRootView.swift */; };
		F6CDF7CD233E87800091F622 /* ExploreRootView.swift in Sources */ = {isa = PBXBuildFile; fileRef = F6CDF7CC233E87800091F622 /* ExploreRootView.swift */; };
		F6CDF7CF233E878B0091F622 /* DiscoverRootView.swift in Sources */ = {isa = PBXBuildFile; fileRef = F6CDF7CE233E878B0091F622 /* DiscoverRootView.swift */; };
		F6CDF7D1233E87940091F622 /* EventsRootView.swift in Sources */ = {isa = PBXBuildFile; fileRef = F6CDF7D0233E87940091F622 /* EventsRootView.swift */; };
		F6CDF7D3233E9BC50091F622 /* ExploreButton.swift in Sources */ = {isa = PBXBuildFile; fileRef = F6CDF7D2233E9BC50091F622 /* ExploreButton.swift */; };
		F6CDF7D5233EA8350091F622 /* ExploreTitleView.swift in Sources */ = {isa = PBXBuildFile; fileRef = F6CDF7D4233EA8350091F622 /* ExploreTitleView.swift */; };
		F6CDF7D9233EAB420091F622 /* MapView.swift in Sources */ = {isa = PBXBuildFile; fileRef = F6CDF7D8233EAB420091F622 /* MapView.swift */; };
		F6CDF7E0233EB3580091F622 /* Group.swift in Sources */ = {isa = PBXBuildFile; fileRef = F6CDF7DF233EB3580091F622 /* Group.swift */; };
		F6CDF7E2233EB36A0091F622 /* CalendarEvent.swift in Sources */ = {isa = PBXBuildFile; fileRef = F6CDF7E1233EB36A0091F622 /* CalendarEvent.swift */; };
		F6CDF7E4233EB3770091F622 /* SampleData.swift in Sources */ = {isa = PBXBuildFile; fileRef = F6CDF7E3233EB3770091F622 /* SampleData.swift */; };
		F6CDF7E7233EB5560091F622 /* FeedHeader.swift in Sources */ = {isa = PBXBuildFile; fileRef = F6CDF7E6233EB5560091F622 /* FeedHeader.swift */; };
		F6CDF7E9233EBBE20091F622 /* ProfileView.swift in Sources */ = {isa = PBXBuildFile; fileRef = F6CDF7E8233EBBE20091F622 /* ProfileView.swift */; };
		F6E5EEAA236CC58900C4FF53 /* ExploreSearchResultsView.swift in Sources */ = {isa = PBXBuildFile; fileRef = F6E5EEA9236CC58900C4FF53 /* ExploreSearchResultsView.swift */; };
		F6E5EEAC236CCBB600C4FF53 /* ExploreClusterMatrix1.swift in Sources */ = {isa = PBXBuildFile; fileRef = F6E5EEAB236CCBB600C4FF53 /* ExploreClusterMatrix1.swift */; };
		F6E5EEB2236D254100C4FF53 /* ExploreSearchViewModel.swift in Sources */ = {isa = PBXBuildFile; fileRef = F6E5EEB1236D254100C4FF53 /* ExploreSearchViewModel.swift */; };
/* End PBXBuildFile section */

/* Begin PBXContainerItemProxy section */
		F688EFEE233D4AB300323C04 /* PBXContainerItemProxy */ = {
			isa = PBXContainerItemProxy;
			containerPortal = F688EFCC233D4AB200323C04 /* Project object */;
			proxyType = 1;
			remoteGlobalIDString = F688EFD3233D4AB200323C04;
			remoteInfo = gridMVP_3.0;
		};
		F688EFF9233D4AB300323C04 /* PBXContainerItemProxy */ = {
			isa = PBXContainerItemProxy;
			containerPortal = F688EFCC233D4AB200323C04 /* Project object */;
			proxyType = 1;
			remoteGlobalIDString = F688EFD3233D4AB200323C04;
			remoteInfo = gridMVP_3.0;
		};
/* End PBXContainerItemProxy section */

/* Begin PBXFileReference section */
		F61423BF236413CB00133260 /* FeedGroupRecommendationBar1.swift */ = {isa = PBXFileReference; lastKnownFileType = sourcecode.swift; path = FeedGroupRecommendationBar1.swift; sourceTree = "<group>"; };
		F61423C12364149300133260 /* FeedGroupRecommendationViewModel1.swift */ = {isa = PBXFileReference; lastKnownFileType = sourcecode.swift; path = FeedGroupRecommendationViewModel1.swift; sourceTree = "<group>"; };
		F61423C32364178900133260 /* FeedRecCell1.swift */ = {isa = PBXFileReference; lastKnownFileType = sourcecode.swift; path = FeedRecCell1.swift; sourceTree = "<group>"; };
		F61FDA1123464CE800DD4B0F /* GroupCellViewModel.swift */ = {isa = PBXFileReference; lastKnownFileType = sourcecode.swift; path = GroupCellViewModel.swift; sourceTree = "<group>"; };
		F61FDA132346761E00DD4B0F /* GroupDetailViewModel.swift */ = {isa = PBXFileReference; lastKnownFileType = sourcecode.swift; path = GroupDetailViewModel.swift; sourceTree = "<group>"; };
		F61FDA152346842300DD4B0F /* GroupRootViewModel.swift */ = {isa = PBXFileReference; lastKnownFileType = sourcecode.swift; path = GroupRootViewModel.swift; sourceTree = "<group>"; };
		F666952B233EBEF700AC42CA /* ProfileButton.swift */ = {isa = PBXFileReference; lastKnownFileType = sourcecode.swift; path = ProfileButton.swift; sourceTree = "<group>"; };
		F679A2D72364E42300BA7677 /* UpdateProfilePictureView.swift */ = {isa = PBXFileReference; lastKnownFileType = sourcecode.swift; path = UpdateProfilePictureView.swift; sourceTree = "<group>"; };
		F679A2D92364F6D700BA7677 /* User.swift */ = {isa = PBXFileReference; lastKnownFileType = sourcecode.swift; path = User.swift; sourceTree = "<group>"; };
		F679A2DB2364F76200BA7677 /* FeedPost.swift */ = {isa = PBXFileReference; lastKnownFileType = sourcecode.swift; path = FeedPost.swift; sourceTree = "<group>"; };
		F679A2DE2364F95100BA7677 /* FilterCell.swift */ = {isa = PBXFileReference; lastKnownFileType = sourcecode.swift; path = FilterCell.swift; sourceTree = "<group>"; };
		F679A2E02364FC8C00BA7677 /* ExploreSearchFilterMatrix1.swift */ = {isa = PBXFileReference; lastKnownFileType = sourcecode.swift; path = ExploreSearchFilterMatrix1.swift; sourceTree = "<group>"; };
		F679A2E22365505400BA7677 /* ExploreClusterCell.swift */ = {isa = PBXFileReference; lastKnownFileType = sourcecode.swift; path = ExploreClusterCell.swift; sourceTree = "<group>"; };
		F688EFD4233D4AB200323C04 /* gridMVP_3.0.app */ = {isa = PBXFileReference; explicitFileType = wrapper.application; includeInIndex = 0; path = gridMVP_3.0.app; sourceTree = BUILT_PRODUCTS_DIR; };
		F688EFD7233D4AB200323C04 /* AppDelegate.swift */ = {isa = PBXFileReference; lastKnownFileType = sourcecode.swift; path = AppDelegate.swift; sourceTree = "<group>"; };
		F688EFD9233D4AB200323C04 /* SceneDelegate.swift */ = {isa = PBXFileReference; lastKnownFileType = sourcecode.swift; path = SceneDelegate.swift; sourceTree = "<group>"; };
		F688EFDC233D4AB200323C04 /* gridMVP_3_0.xcdatamodel */ = {isa = PBXFileReference; lastKnownFileType = wrapper.xcdatamodel; path = gridMVP_3_0.xcdatamodel; sourceTree = "<group>"; };
		F688EFDE233D4AB200323C04 /* Root.swift */ = {isa = PBXFileReference; lastKnownFileType = sourcecode.swift; path = Root.swift; sourceTree = "<group>"; };
		F688EFE0233D4AB300323C04 /* Assets.xcassets */ = {isa = PBXFileReference; lastKnownFileType = folder.assetcatalog; path = Assets.xcassets; sourceTree = "<group>"; };
		F688EFE3233D4AB300323C04 /* Preview Assets.xcassets */ = {isa = PBXFileReference; lastKnownFileType = folder.assetcatalog; path = "Preview Assets.xcassets"; sourceTree = "<group>"; };
		F688EFE6233D4AB300323C04 /* Base */ = {isa = PBXFileReference; lastKnownFileType = file.storyboard; name = Base; path = Base.lproj/LaunchScreen.storyboard; sourceTree = "<group>"; };
		F688EFE8233D4AB300323C04 /* Info.plist */ = {isa = PBXFileReference; lastKnownFileType = text.plist.xml; path = Info.plist; sourceTree = "<group>"; };
		F688EFED233D4AB300323C04 /* gridMVP_3.0Tests.xctest */ = {isa = PBXFileReference; explicitFileType = wrapper.cfbundle; includeInIndex = 0; path = gridMVP_3.0Tests.xctest; sourceTree = BUILT_PRODUCTS_DIR; };
		F688EFF1233D4AB300323C04 /* gridMVP_3_0Tests.swift */ = {isa = PBXFileReference; lastKnownFileType = sourcecode.swift; path = gridMVP_3_0Tests.swift; sourceTree = "<group>"; };
		F688EFF3233D4AB300323C04 /* Info.plist */ = {isa = PBXFileReference; lastKnownFileType = text.plist.xml; path = Info.plist; sourceTree = "<group>"; };
		F688EFF8233D4AB300323C04 /* gridMVP_3.0UITests.xctest */ = {isa = PBXFileReference; explicitFileType = wrapper.cfbundle; includeInIndex = 0; path = gridMVP_3.0UITests.xctest; sourceTree = BUILT_PRODUCTS_DIR; };
		F688EFFC233D4AB300323C04 /* gridMVP_3_0UITests.swift */ = {isa = PBXFileReference; lastKnownFileType = sourcecode.swift; path = gridMVP_3_0UITests.swift; sourceTree = "<group>"; };
		F688EFFE233D4AB300323C04 /* Info.plist */ = {isa = PBXFileReference; lastKnownFileType = text.plist.xml; path = Info.plist; sourceTree = "<group>"; };
		F69F47AB23429FF4005A8CB1 /* FeedFilterView.swift */ = {isa = PBXFileReference; lastKnownFileType = sourcecode.swift; path = FeedFilterView.swift; sourceTree = "<group>"; };
		F69F47AD2342A000005A8CB1 /* FeedScanQRView.swift */ = {isa = PBXFileReference; lastKnownFileType = sourcecode.swift; path = FeedScanQRView.swift; sourceTree = "<group>"; };
		F69F47AF2342A017005A8CB1 /* FeedMakePostView.swift */ = {isa = PBXFileReference; lastKnownFileType = sourcecode.swift; path = FeedMakePostView.swift; sourceTree = "<group>"; };
		F6BC51C623639FCA00453821 /* FeedHeaderViewModel.swift */ = {isa = PBXFileReference; lastKnownFileType = sourcecode.swift; path = FeedHeaderViewModel.swift; sourceTree = "<group>"; };
		F6BC51C923640EDC00453821 /* FeedPostView.swift */ = {isa = PBXFileReference; lastKnownFileType = sourcecode.swift; path = FeedPostView.swift; sourceTree = "<group>"; };
		F6C81BCB233ECB72001FF388 /* FeedButtonBar.swift */ = {isa = PBXFileReference; lastKnownFileType = sourcecode.swift; path = FeedButtonBar.swift; sourceTree = "<group>"; };
		F6C81BCF233FB437001FF388 /* GroupCell.swift */ = {isa = PBXFileReference; lastKnownFileType = sourcecode.swift; path = GroupCell.swift; sourceTree = "<group>"; };
		F6C81BD2233FB44D001FF388 /* GroupDetail.swift */ = {isa = PBXFileReference; lastKnownFileType = sourcecode.swift; path = GroupDetail.swift; sourceTree = "<group>"; };
		F6CDF7C8233E785C0091F622 /* FeedRootView.swift */ = {isa = PBXFileReference; lastKnownFileType = sourcecode.swift; path = FeedRootView.swift; sourceTree = "<group>"; };
		F6CDF7CA233E78AD0091F622 /* GroupRootView.swift */ = {isa = PBXFileReference; lastKnownFileType = sourcecode.swift; path = GroupRootView.swift; sourceTree = "<group>"; };
		F6CDF7CC233E87800091F622 /* ExploreRootView.swift */ = {isa = PBXFileReference; lastKnownFileType = sourcecode.swift; path = ExploreRootView.swift; sourceTree = "<group>"; };
		F6CDF7CE233E878B0091F622 /* DiscoverRootView.swift */ = {isa = PBXFileReference; lastKnownFileType = sourcecode.swift; path = DiscoverRootView.swift; sourceTree = "<group>"; };
		F6CDF7D0233E87940091F622 /* EventsRootView.swift */ = {isa = PBXFileReference; lastKnownFileType = sourcecode.swift; path = EventsRootView.swift; sourceTree = "<group>"; };
		F6CDF7D2233E9BC50091F622 /* ExploreButton.swift */ = {isa = PBXFileReference; lastKnownFileType = sourcecode.swift; path = ExploreButton.swift; sourceTree = "<group>"; };
		F6CDF7D4233EA8350091F622 /* ExploreTitleView.swift */ = {isa = PBXFileReference; lastKnownFileType = sourcecode.swift; path = ExploreTitleView.swift; sourceTree = "<group>"; };
		F6CDF7D8233EAB420091F622 /* MapView.swift */ = {isa = PBXFileReference; lastKnownFileType = sourcecode.swift; path = MapView.swift; sourceTree = "<group>"; };
		F6CDF7DF233EB3580091F622 /* Group.swift */ = {isa = PBXFileReference; lastKnownFileType = sourcecode.swift; path = Group.swift; sourceTree = "<group>"; };
		F6CDF7E1233EB36A0091F622 /* CalendarEvent.swift */ = {isa = PBXFileReference; lastKnownFileType = sourcecode.swift; path = CalendarEvent.swift; sourceTree = "<group>"; };
		F6CDF7E3233EB3770091F622 /* SampleData.swift */ = {isa = PBXFileReference; lastKnownFileType = sourcecode.swift; path = SampleData.swift; sourceTree = "<group>"; };
		F6CDF7E6233EB5560091F622 /* FeedHeader.swift */ = {isa = PBXFileReference; lastKnownFileType = sourcecode.swift; path = FeedHeader.swift; sourceTree = "<group>"; };
		F6CDF7E8233EBBE20091F622 /* ProfileView.swift */ = {isa = PBXFileReference; lastKnownFileType = sourcecode.swift; path = ProfileView.swift; sourceTree = "<group>"; };
		F6E5EEA9236CC58900C4FF53 /* ExploreSearchResultsView.swift */ = {isa = PBXFileReference; lastKnownFileType = sourcecode.swift; path = ExploreSearchResultsView.swift; sourceTree = "<group>"; };
		F6E5EEAB236CCBB600C4FF53 /* ExploreClusterMatrix1.swift */ = {isa = PBXFileReference; lastKnownFileType = sourcecode.swift; path = ExploreClusterMatrix1.swift; sourceTree = "<group>"; };
		F6E5EEB1236D254100C4FF53 /* ExploreSearchViewModel.swift */ = {isa = PBXFileReference; fileEncoding = 4; lastKnownFileType = sourcecode.swift; path = ExploreSearchViewModel.swift; sourceTree = "<group>"; };
/* End PBXFileReference section */

/* Begin PBXFrameworksBuildPhase section */
		F688EFD1233D4AB200323C04 /* Frameworks */ = {
			isa = PBXFrameworksBuildPhase;
			buildActionMask = 2147483647;
			files = (
			);
			runOnlyForDeploymentPostprocessing = 0;
		};
		F688EFEA233D4AB300323C04 /* Frameworks */ = {
			isa = PBXFrameworksBuildPhase;
			buildActionMask = 2147483647;
			files = (
			);
			runOnlyForDeploymentPostprocessing = 0;
		};
		F688EFF5233D4AB300323C04 /* Frameworks */ = {
			isa = PBXFrameworksBuildPhase;
			buildActionMask = 2147483647;
			files = (
			);
			runOnlyForDeploymentPostprocessing = 0;
		};
/* End PBXFrameworksBuildPhase section */

/* Begin PBXGroup section */
		F679A2DD2364F93A00BA7677 /* General Components */ = {
			isa = PBXGroup;
			children = (
				F679A2E22365505400BA7677 /* ExploreClusterCell.swift */,
				F6E5EEAB236CCBB600C4FF53 /* ExploreClusterMatrix1.swift */,
				F679A2DE2364F95100BA7677 /* FilterCell.swift */,
				F679A2E02364FC8C00BA7677 /* ExploreSearchFilterMatrix1.swift */,
			);
			path = "General Components";
			sourceTree = "<group>";
		};
		F688EFCB233D4AB200323C04 = {
			isa = PBXGroup;
			children = (
				F688EFD6233D4AB200323C04 /* gridMVP_3.0 */,
				F688EFF0233D4AB300323C04 /* gridMVP_3.0Tests */,
				F688EFFB233D4AB300323C04 /* gridMVP_3.0UITests */,
				F688EFD5233D4AB200323C04 /* Products */,
			);
			sourceTree = "<group>";
		};
		F688EFD5233D4AB200323C04 /* Products */ = {
			isa = PBXGroup;
			children = (
				F688EFD4233D4AB200323C04 /* gridMVP_3.0.app */,
				F688EFED233D4AB300323C04 /* gridMVP_3.0Tests.xctest */,
				F688EFF8233D4AB300323C04 /* gridMVP_3.0UITests.xctest */,
			);
			name = Products;
			sourceTree = "<group>";
		};
		F688EFD6233D4AB200323C04 /* gridMVP_3.0 */ = {
			isa = PBXGroup;
			children = (
				F6CDF7C6233E78460091F622 /* Views */,
				F69F47A423429A9D005A8CB1 /* ViewModels */,
				F6CDF7C5233E783F0091F622 /* Models */,
				F688EFD7233D4AB200323C04 /* AppDelegate.swift */,
				F688EFD9233D4AB200323C04 /* SceneDelegate.swift */,
				F688EFDE233D4AB200323C04 /* Root.swift */,
				F688EFE0233D4AB300323C04 /* Assets.xcassets */,
				F688EFE5233D4AB300323C04 /* LaunchScreen.storyboard */,
				F688EFE8233D4AB300323C04 /* Info.plist */,
				F688EFDB233D4AB200323C04 /* gridMVP_3_0.xcdatamodeld */,
				F688EFE2233D4AB300323C04 /* Preview Content */,
			);
			path = gridMVP_3.0;
			sourceTree = "<group>";
		};
		F688EFE2233D4AB300323C04 /* Preview Content */ = {
			isa = PBXGroup;
			children = (
				F688EFE3233D4AB300323C04 /* Preview Assets.xcassets */,
			);
			path = "Preview Content";
			sourceTree = "<group>";
		};
		F688EFF0233D4AB300323C04 /* gridMVP_3.0Tests */ = {
			isa = PBXGroup;
			children = (
				F688EFF1233D4AB300323C04 /* gridMVP_3_0Tests.swift */,
				F688EFF3233D4AB300323C04 /* Info.plist */,
			);
			path = gridMVP_3.0Tests;
			sourceTree = "<group>";
		};
		F688EFFB233D4AB300323C04 /* gridMVP_3.0UITests */ = {
			isa = PBXGroup;
			children = (
				F688EFFC233D4AB300323C04 /* gridMVP_3_0UITests.swift */,
				F688EFFE233D4AB300323C04 /* Info.plist */,
			);
			path = gridMVP_3.0UITests;
			sourceTree = "<group>";
		};
		F69F47A323429A82005A8CB1 /* Events */ = {
			isa = PBXGroup;
			children = (
				F6CDF7D0233E87940091F622 /* EventsRootView.swift */,
			);
			path = Events;
			sourceTree = "<group>";
		};
		F69F47A423429A9D005A8CB1 /* ViewModels */ = {
			isa = PBXGroup;
			children = (
				F69F47A523429AA6005A8CB1 /* Feed */,
				F69F47A623429AAE005A8CB1 /* Groups */,
				F69F47A923429AC1005A8CB1 /* Discover */,
				F69F47A823429ABC005A8CB1 /* Explore */,
				F69F47A723429AB7005A8CB1 /* Events */,
			);
			path = ViewModels;
			sourceTree = "<group>";
		};
		F69F47A523429AA6005A8CB1 /* Feed */ = {
			isa = PBXGroup;
			children = (
				F6BC51C623639FCA00453821 /* FeedHeaderViewModel.swift */,
				F61423C12364149300133260 /* FeedGroupRecommendationViewModel1.swift */,
			);
			path = Feed;
			sourceTree = "<group>";
		};
		F69F47A623429AAE005A8CB1 /* Groups */ = {
			isa = PBXGroup;
			children = (
				F61FDA152346842300DD4B0F /* GroupRootViewModel.swift */,
				F61FDA1123464CE800DD4B0F /* GroupCellViewModel.swift */,
				F61FDA132346761E00DD4B0F /* GroupDetailViewModel.swift */,
			);
			path = Groups;
			sourceTree = "<group>";
		};
		F69F47A723429AB7005A8CB1 /* Events */ = {
			isa = PBXGroup;
			children = (
			);
			path = Events;
			sourceTree = "<group>";
		};
		F69F47A823429ABC005A8CB1 /* Explore */ = {
			isa = PBXGroup;
			children = (
				F6E5EEB1236D254100C4FF53 /* ExploreSearchViewModel.swift */,
			);
			path = Explore;
			sourceTree = "<group>";
		};
		F69F47A923429AC1005A8CB1 /* Discover */ = {
			isa = PBXGroup;
			children = (
			);
			path = Discover;
			sourceTree = "<group>";
		};
		F69F47AA23429CA5005A8CB1 /* Filter_QR_Post */ = {
			isa = PBXGroup;
			children = (
				F6CDF7E6233EB5560091F622 /* FeedHeader.swift */,
				F6C81BCB233ECB72001FF388 /* FeedButtonBar.swift */,
				F69F47AB23429FF4005A8CB1 /* FeedFilterView.swift */,
				F69F47AD2342A000005A8CB1 /* FeedScanQRView.swift */,
				F69F47AF2342A017005A8CB1 /* FeedMakePostView.swift */,
			);
			path = Filter_QR_Post;
			sourceTree = "<group>";
		};
		F6BC51C823640EC300453821 /* Feed_items */ = {
			isa = PBXGroup;
			children = (
				F6BC51C923640EDC00453821 /* FeedPostView.swift */,
				F61423BF236413CB00133260 /* FeedGroupRecommendationBar1.swift */,
				F61423C32364178900133260 /* FeedRecCell1.swift */,
			);
			path = Feed_items;
			sourceTree = "<group>";
		};
		F6C81BCE233FB41B001FF388 /* Groups */ = {
			isa = PBXGroup;
			children = (
				F6CDF7CA233E78AD0091F622 /* GroupRootView.swift */,
				F6C81BCF233FB437001FF388 /* GroupCell.swift */,
				F6C81BD2233FB44D001FF388 /* GroupDetail.swift */,
			);
			path = Groups;
			sourceTree = "<group>";
		};
		F6CDF7C5233E783F0091F622 /* Models */ = {
			isa = PBXGroup;
			children = (
				F6CDF7DF233EB3580091F622 /* Group.swift */,
				F679A2D92364F6D700BA7677 /* User.swift */,
				F679A2DB2364F76200BA7677 /* FeedPost.swift */,
				F6CDF7E1233EB36A0091F622 /* CalendarEvent.swift */,
				F6CDF7E3233EB3770091F622 /* SampleData.swift */,
			);
			path = Models;
			sourceTree = "<group>";
		};
		F6CDF7C6233E78460091F622 /* Views */ = {
			isa = PBXGroup;
			children = (
				F6CDF7E5233EB54C0091F622 /* Feed */,
				F6C81BCE233FB41B001FF388 /* Groups */,
				F6CDF7DD233EB0E00091F622 /* Discover */,
				F6CDF7DA233EACC10091F622 /* Explore */,
				F69F47A323429A82005A8CB1 /* Events */,
				F679A2DD2364F93A00BA7677 /* General Components */,
			);
			path = Views;
			sourceTree = "<group>";
		};
		F6CDF7DA233EACC10091F622 /* Explore */ = {
			isa = PBXGroup;
			children = (
				F6CDF7CC233E87800091F622 /* ExploreRootView.swift */,
				F6E5EEA9236CC58900C4FF53 /* ExploreSearchResultsView.swift */,
				F6CDF7D2233E9BC50091F622 /* ExploreButton.swift */,
				F6CDF7D4233EA8350091F622 /* ExploreTitleView.swift */,
			);
			path = Explore;
			sourceTree = "<group>";
		};
		F6CDF7DD233EB0E00091F622 /* Discover */ = {
			isa = PBXGroup;
			children = (
				F6CDF7CE233E878B0091F622 /* DiscoverRootView.swift */,
				F6CDF7D8233EAB420091F622 /* MapView.swift */,
			);
			path = Discover;
			sourceTree = "<group>";
		};
		F6CDF7E5233EB54C0091F622 /* Feed */ = {
			isa = PBXGroup;
			children = (
				F6CDF7C8233E785C0091F622 /* FeedRootView.swift */,
				F6CDF7EA233EBBE60091F622 /* Profile */,
				F69F47AA23429CA5005A8CB1 /* Filter_QR_Post */,
				F6BC51C823640EC300453821 /* Feed_items */,
			);
			path = Feed;
			sourceTree = "<group>";
		};
		F6CDF7EA233EBBE60091F622 /* Profile */ = {
			isa = PBXGroup;
			children = (
				F6CDF7E8233EBBE20091F622 /* ProfileView.swift */,
				F666952B233EBEF700AC42CA /* ProfileButton.swift */,
				F679A2D72364E42300BA7677 /* UpdateProfilePictureView.swift */,
			);
			path = Profile;
			sourceTree = "<group>";
		};
/* End PBXGroup section */

/* Begin PBXNativeTarget section */
		F688EFD3233D4AB200323C04 /* gridMVP_3.0 */ = {
			isa = PBXNativeTarget;
			buildConfigurationList = F688F001233D4AB300323C04 /* Build configuration list for PBXNativeTarget "gridMVP_3.0" */;
			buildPhases = (
				F688EFD0233D4AB200323C04 /* Sources */,
				F688EFD1233D4AB200323C04 /* Frameworks */,
				F688EFD2233D4AB200323C04 /* Resources */,
			);
			buildRules = (
			);
			dependencies = (
			);
			name = gridMVP_3.0;
			productName = gridMVP_3.0;
			productReference = F688EFD4233D4AB200323C04 /* gridMVP_3.0.app */;
			productType = "com.apple.product-type.application";
		};
		F688EFEC233D4AB300323C04 /* gridMVP_3.0Tests */ = {
			isa = PBXNativeTarget;
			buildConfigurationList = F688F004233D4AB300323C04 /* Build configuration list for PBXNativeTarget "gridMVP_3.0Tests" */;
			buildPhases = (
				F688EFE9233D4AB300323C04 /* Sources */,
				F688EFEA233D4AB300323C04 /* Frameworks */,
				F688EFEB233D4AB300323C04 /* Resources */,
			);
			buildRules = (
			);
			dependencies = (
				F688EFEF233D4AB300323C04 /* PBXTargetDependency */,
			);
			name = gridMVP_3.0Tests;
			productName = gridMVP_3.0Tests;
			productReference = F688EFED233D4AB300323C04 /* gridMVP_3.0Tests.xctest */;
			productType = "com.apple.product-type.bundle.unit-test";
		};
		F688EFF7233D4AB300323C04 /* gridMVP_3.0UITests */ = {
			isa = PBXNativeTarget;
			buildConfigurationList = F688F007233D4AB300323C04 /* Build configuration list for PBXNativeTarget "gridMVP_3.0UITests" */;
			buildPhases = (
				F688EFF4233D4AB300323C04 /* Sources */,
				F688EFF5233D4AB300323C04 /* Frameworks */,
				F688EFF6233D4AB300323C04 /* Resources */,
			);
			buildRules = (
			);
			dependencies = (
				F688EFFA233D4AB300323C04 /* PBXTargetDependency */,
			);
			name = gridMVP_3.0UITests;
			productName = gridMVP_3.0UITests;
			productReference = F688EFF8233D4AB300323C04 /* gridMVP_3.0UITests.xctest */;
			productType = "com.apple.product-type.bundle.ui-testing";
		};
/* End PBXNativeTarget section */

/* Begin PBXProject section */
		F688EFCC233D4AB200323C04 /* Project object */ = {
			isa = PBXProject;
			attributes = {
				LastSwiftUpdateCheck = 1100;
				LastUpgradeCheck = 1100;
				ORGANIZATIONNAME = "Max Gillespie";
				TargetAttributes = {
					F688EFD3233D4AB200323C04 = {
						CreatedOnToolsVersion = 11.0;
					};
					F688EFEC233D4AB300323C04 = {
						CreatedOnToolsVersion = 11.0;
						TestTargetID = F688EFD3233D4AB200323C04;
					};
					F688EFF7233D4AB300323C04 = {
						CreatedOnToolsVersion = 11.0;
						TestTargetID = F688EFD3233D4AB200323C04;
					};
				};
			};
			buildConfigurationList = F688EFCF233D4AB200323C04 /* Build configuration list for PBXProject "gridMVP_3.0" */;
			compatibilityVersion = "Xcode 9.3";
			developmentRegion = en;
			hasScannedForEncodings = 0;
			knownRegions = (
				en,
				Base,
			);
			mainGroup = F688EFCB233D4AB200323C04;
			productRefGroup = F688EFD5233D4AB200323C04 /* Products */;
			projectDirPath = "";
			projectRoot = "";
			targets = (
				F688EFD3233D4AB200323C04 /* gridMVP_3.0 */,
				F688EFEC233D4AB300323C04 /* gridMVP_3.0Tests */,
				F688EFF7233D4AB300323C04 /* gridMVP_3.0UITests */,
			);
		};
/* End PBXProject section */

/* Begin PBXResourcesBuildPhase section */
		F688EFD2233D4AB200323C04 /* Resources */ = {
			isa = PBXResourcesBuildPhase;
			buildActionMask = 2147483647;
			files = (
				F688EFE7233D4AB300323C04 /* LaunchScreen.storyboard in Resources */,
				F688EFE4233D4AB300323C04 /* Preview Assets.xcassets in Resources */,
				F688EFE1233D4AB300323C04 /* Assets.xcassets in Resources */,
			);
			runOnlyForDeploymentPostprocessing = 0;
		};
		F688EFEB233D4AB300323C04 /* Resources */ = {
			isa = PBXResourcesBuildPhase;
			buildActionMask = 2147483647;
			files = (
			);
			runOnlyForDeploymentPostprocessing = 0;
		};
		F688EFF6233D4AB300323C04 /* Resources */ = {
			isa = PBXResourcesBuildPhase;
			buildActionMask = 2147483647;
			files = (
			);
			runOnlyForDeploymentPostprocessing = 0;
		};
/* End PBXResourcesBuildPhase section */

/* Begin PBXSourcesBuildPhase section */
		F688EFD0233D4AB200323C04 /* Sources */ = {
			isa = PBXSourcesBuildPhase;
			buildActionMask = 2147483647;
			files = (
				F6C81BCC233ECB72001FF388 /* FeedButtonBar.swift in Sources */,
				F6BC51C723639FCA00453821 /* FeedHeaderViewModel.swift in Sources */,
				F61FDA162346842300DD4B0F /* GroupRootViewModel.swift in Sources */,
				F6CDF7C9233E785C0091F622 /* FeedRootView.swift in Sources */,
				F61423C22364149300133260 /* FeedGroupRecommendationViewModel1.swift in Sources */,
				F6CDF7D9233EAB420091F622 /* MapView.swift in Sources */,
				F688EFD8233D4AB200323C04 /* AppDelegate.swift in Sources */,
				F6E5EEAA236CC58900C4FF53 /* ExploreSearchResultsView.swift in Sources */,
				F69F47B02342A017005A8CB1 /* FeedMakePostView.swift in Sources */,
				F666952C233EBEF700AC42CA /* ProfileButton.swift in Sources */,
				F688EFDA233D4AB200323C04 /* SceneDelegate.swift in Sources */,
				F6CDF7D3233E9BC50091F622 /* ExploreButton.swift in Sources */,
				F6CDF7CD233E87800091F622 /* ExploreRootView.swift in Sources */,
				F61423C42364178900133260 /* FeedRecCell1.swift in Sources */,
				F69F47AE2342A000005A8CB1 /* FeedScanQRView.swift in Sources */,
				F6CDF7E2233EB36A0091F622 /* CalendarEvent.swift in Sources */,
				F6CDF7E0233EB3580091F622 /* Group.swift in Sources */,
				F6CDF7E7233EB5560091F622 /* FeedHeader.swift in Sources */,
				F6CDF7E9233EBBE20091F622 /* ProfileView.swift in Sources */,
				F61423C0236413CB00133260 /* FeedGroupRecommendationBar1.swift in Sources */,
				F6E5EEB2236D254100C4FF53 /* ExploreSearchViewModel.swift in Sources */,
				F688EFDF233D4AB200323C04 /* Root.swift in Sources */,
				F679A2D82364E42300BA7677 /* UpdateProfilePictureView.swift in Sources */,
				F61FDA142346761E00DD4B0F /* GroupDetailViewModel.swift in Sources */,
				F6CDF7CB233E78AD0091F622 /* GroupRootView.swift in Sources */,
				F679A2DC2364F76200BA7677 /* FeedPost.swift in Sources */,
				F61FDA1223464CE800DD4B0F /* GroupCellViewModel.swift in Sources */,
				F679A2DF2364F95100BA7677 /* FilterCell.swift in Sources */,
				F679A2DA2364F6D700BA7677 /* User.swift in Sources */,
				F6CDF7D1233E87940091F622 /* EventsRootView.swift in Sources */,
				F6E5EEAC236CCBB600C4FF53 /* ExploreClusterMatrix1.swift in Sources */,
				F688EFDD233D4AB200323C04 /* gridMVP_3_0.xcdatamodeld in Sources */,
				F6C81BD3233FB44D001FF388 /* GroupDetail.swift in Sources */,
				F6CDF7D5233EA8350091F622 /* ExploreTitleView.swift in Sources */,
				F6C81BD0233FB437001FF388 /* GroupCell.swift in Sources */,
				F679A2E32365505400BA7677 /* ExploreClusterCell.swift in Sources */,
				F6CDF7E4233EB3770091F622 /* SampleData.swift in Sources */,
				F69F47AC23429FF4005A8CB1 /* FeedFilterView.swift in Sources */,
				F6CDF7CF233E878B0091F622 /* DiscoverRootView.swift in Sources */,
				F679A2E12364FC8C00BA7677 /* ExploreSearchFilterMatrix1.swift in Sources */,
				F6BC51CA23640EDC00453821 /* FeedPostView.swift in Sources */,
			);
			runOnlyForDeploymentPostprocessing = 0;
		};
		F688EFE9233D4AB300323C04 /* Sources */ = {
			isa = PBXSourcesBuildPhase;
			buildActionMask = 2147483647;
			files = (
				F688EFF2233D4AB300323C04 /* gridMVP_3_0Tests.swift in Sources */,
			);
			runOnlyForDeploymentPostprocessing = 0;
		};
		F688EFF4233D4AB300323C04 /* Sources */ = {
			isa = PBXSourcesBuildPhase;
			buildActionMask = 2147483647;
			files = (
				F688EFFD233D4AB300323C04 /* gridMVP_3_0UITests.swift in Sources */,
			);
			runOnlyForDeploymentPostprocessing = 0;
		};
/* End PBXSourcesBuildPhase section */

/* Begin PBXTargetDependency section */
		F688EFEF233D4AB300323C04 /* PBXTargetDependency */ = {
			isa = PBXTargetDependency;
			target = F688EFD3233D4AB200323C04 /* gridMVP_3.0 */;
			targetProxy = F688EFEE233D4AB300323C04 /* PBXContainerItemProxy */;
		};
		F688EFFA233D4AB300323C04 /* PBXTargetDependency */ = {
			isa = PBXTargetDependency;
			target = F688EFD3233D4AB200323C04 /* gridMVP_3.0 */;
			targetProxy = F688EFF9233D4AB300323C04 /* PBXContainerItemProxy */;
		};
/* End PBXTargetDependency section */

/* Begin PBXVariantGroup section */
		F688EFE5233D4AB300323C04 /* LaunchScreen.storyboard */ = {
			isa = PBXVariantGroup;
			children = (
				F688EFE6233D4AB300323C04 /* Base */,
			);
			name = LaunchScreen.storyboard;
			sourceTree = "<group>";
		};
/* End PBXVariantGroup section */

/* Begin XCBuildConfiguration section */
		F688EFFF233D4AB300323C04 /* Debug */ = {
			isa = XCBuildConfiguration;
			buildSettings = {
				ALWAYS_SEARCH_USER_PATHS = NO;
				CLANG_ANALYZER_NONNULL = YES;
				CLANG_ANALYZER_NUMBER_OBJECT_CONVERSION = YES_AGGRESSIVE;
				CLANG_CXX_LANGUAGE_STANDARD = "gnu++14";
				CLANG_CXX_LIBRARY = "libc++";
				CLANG_ENABLE_MODULES = YES;
				CLANG_ENABLE_OBJC_ARC = YES;
				CLANG_ENABLE_OBJC_WEAK = YES;
				CLANG_WARN_BLOCK_CAPTURE_AUTORELEASING = YES;
				CLANG_WARN_BOOL_CONVERSION = YES;
				CLANG_WARN_COMMA = YES;
				CLANG_WARN_CONSTANT_CONVERSION = YES;
				CLANG_WARN_DEPRECATED_OBJC_IMPLEMENTATIONS = YES;
				CLANG_WARN_DIRECT_OBJC_ISA_USAGE = YES_ERROR;
				CLANG_WARN_DOCUMENTATION_COMMENTS = YES;
				CLANG_WARN_EMPTY_BODY = YES;
				CLANG_WARN_ENUM_CONVERSION = YES;
				CLANG_WARN_INFINITE_RECURSION = YES;
				CLANG_WARN_INT_CONVERSION = YES;
				CLANG_WARN_NON_LITERAL_NULL_CONVERSION = YES;
				CLANG_WARN_OBJC_IMPLICIT_RETAIN_SELF = YES;
				CLANG_WARN_OBJC_LITERAL_CONVERSION = YES;
				CLANG_WARN_OBJC_ROOT_CLASS = YES_ERROR;
				CLANG_WARN_RANGE_LOOP_ANALYSIS = YES;
				CLANG_WARN_STRICT_PROTOTYPES = YES;
				CLANG_WARN_SUSPICIOUS_MOVE = YES;
				CLANG_WARN_UNGUARDED_AVAILABILITY = YES_AGGRESSIVE;
				CLANG_WARN_UNREACHABLE_CODE = YES;
				CLANG_WARN__DUPLICATE_METHOD_MATCH = YES;
				COPY_PHASE_STRIP = NO;
				DEBUG_INFORMATION_FORMAT = dwarf;
				ENABLE_STRICT_OBJC_MSGSEND = YES;
				ENABLE_TESTABILITY = YES;
				GCC_C_LANGUAGE_STANDARD = gnu11;
				GCC_DYNAMIC_NO_PIC = NO;
				GCC_NO_COMMON_BLOCKS = YES;
				GCC_OPTIMIZATION_LEVEL = 0;
				GCC_PREPROCESSOR_DEFINITIONS = (
					"DEBUG=1",
					"$(inherited)",
				);
				GCC_WARN_64_TO_32_BIT_CONVERSION = YES;
				GCC_WARN_ABOUT_RETURN_TYPE = YES_ERROR;
				GCC_WARN_UNDECLARED_SELECTOR = YES;
				GCC_WARN_UNINITIALIZED_AUTOS = YES_AGGRESSIVE;
				GCC_WARN_UNUSED_FUNCTION = YES;
				GCC_WARN_UNUSED_VARIABLE = YES;
				IPHONEOS_DEPLOYMENT_TARGET = 13.0;
				MTL_ENABLE_DEBUG_INFO = INCLUDE_SOURCE;
				MTL_FAST_MATH = YES;
				ONLY_ACTIVE_ARCH = YES;
				SDKROOT = iphoneos;
				SWIFT_ACTIVE_COMPILATION_CONDITIONS = DEBUG;
				SWIFT_OPTIMIZATION_LEVEL = "-Onone";
			};
			name = Debug;
		};
		F688F000233D4AB300323C04 /* Release */ = {
			isa = XCBuildConfiguration;
			buildSettings = {
				ALWAYS_SEARCH_USER_PATHS = NO;
				CLANG_ANALYZER_NONNULL = YES;
				CLANG_ANALYZER_NUMBER_OBJECT_CONVERSION = YES_AGGRESSIVE;
				CLANG_CXX_LANGUAGE_STANDARD = "gnu++14";
				CLANG_CXX_LIBRARY = "libc++";
				CLANG_ENABLE_MODULES = YES;
				CLANG_ENABLE_OBJC_ARC = YES;
				CLANG_ENABLE_OBJC_WEAK = YES;
				CLANG_WARN_BLOCK_CAPTURE_AUTORELEASING = YES;
				CLANG_WARN_BOOL_CONVERSION = YES;
				CLANG_WARN_COMMA = YES;
				CLANG_WARN_CONSTANT_CONVERSION = YES;
				CLANG_WARN_DEPRECATED_OBJC_IMPLEMENTATIONS = YES;
				CLANG_WARN_DIRECT_OBJC_ISA_USAGE = YES_ERROR;
				CLANG_WARN_DOCUMENTATION_COMMENTS = YES;
				CLANG_WARN_EMPTY_BODY = YES;
				CLANG_WARN_ENUM_CONVERSION = YES;
				CLANG_WARN_INFINITE_RECURSION = YES;
				CLANG_WARN_INT_CONVERSION = YES;
				CLANG_WARN_NON_LITERAL_NULL_CONVERSION = YES;
				CLANG_WARN_OBJC_IMPLICIT_RETAIN_SELF = YES;
				CLANG_WARN_OBJC_LITERAL_CONVERSION = YES;
				CLANG_WARN_OBJC_ROOT_CLASS = YES_ERROR;
				CLANG_WARN_RANGE_LOOP_ANALYSIS = YES;
				CLANG_WARN_STRICT_PROTOTYPES = YES;
				CLANG_WARN_SUSPICIOUS_MOVE = YES;
				CLANG_WARN_UNGUARDED_AVAILABILITY = YES_AGGRESSIVE;
				CLANG_WARN_UNREACHABLE_CODE = YES;
				CLANG_WARN__DUPLICATE_METHOD_MATCH = YES;
				COPY_PHASE_STRIP = NO;
				DEBUG_INFORMATION_FORMAT = "dwarf-with-dsym";
				ENABLE_NS_ASSERTIONS = NO;
				ENABLE_STRICT_OBJC_MSGSEND = YES;
				GCC_C_LANGUAGE_STANDARD = gnu11;
				GCC_NO_COMMON_BLOCKS = YES;
				GCC_WARN_64_TO_32_BIT_CONVERSION = YES;
				GCC_WARN_ABOUT_RETURN_TYPE = YES_ERROR;
				GCC_WARN_UNDECLARED_SELECTOR = YES;
				GCC_WARN_UNINITIALIZED_AUTOS = YES_AGGRESSIVE;
				GCC_WARN_UNUSED_FUNCTION = YES;
				GCC_WARN_UNUSED_VARIABLE = YES;
				IPHONEOS_DEPLOYMENT_TARGET = 13.0;
				MTL_ENABLE_DEBUG_INFO = NO;
				MTL_FAST_MATH = YES;
				SDKROOT = iphoneos;
				SWIFT_COMPILATION_MODE = wholemodule;
				SWIFT_OPTIMIZATION_LEVEL = "-O";
				VALIDATE_PRODUCT = YES;
			};
			name = Release;
		};
		F688F002233D4AB300323C04 /* Debug */ = {
			isa = XCBuildConfiguration;
			buildSettings = {
				ASSETCATALOG_COMPILER_APPICON_NAME = AppIcon;
				CODE_SIGN_STYLE = Automatic;
				DEVELOPMENT_ASSET_PATHS = "\"gridMVP_3.0/Preview Content\"";
				DEVELOPMENT_TEAM = Q7TC672PPY;
				ENABLE_PREVIEWS = YES;
				INFOPLIST_FILE = gridMVP_3.0/Info.plist;
				IPHONEOS_DEPLOYMENT_TARGET = 13.0;
				LD_RUNPATH_SEARCH_PATHS = (
					"$(inherited)",
					"@executable_path/Frameworks",
				);
				PRODUCT_BUNDLE_IDENTIFIER = "Max-Gillespie.gridMVP-3-0";
				PRODUCT_NAME = "$(TARGET_NAME)";
				SWIFT_VERSION = 5.0;
				TARGETED_DEVICE_FAMILY = "1,2";
			};
			name = Debug;
		};
		F688F003233D4AB300323C04 /* Release */ = {
			isa = XCBuildConfiguration;
			buildSettings = {
				ASSETCATALOG_COMPILER_APPICON_NAME = AppIcon;
				CODE_SIGN_STYLE = Automatic;
				DEVELOPMENT_ASSET_PATHS = "\"gridMVP_3.0/Preview Content\"";
				DEVELOPMENT_TEAM = Q7TC672PPY;
				ENABLE_PREVIEWS = YES;
				INFOPLIST_FILE = gridMVP_3.0/Info.plist;
				IPHONEOS_DEPLOYMENT_TARGET = 13.0;
				LD_RUNPATH_SEARCH_PATHS = (
					"$(inherited)",
					"@executable_path/Frameworks",
				);
				PRODUCT_BUNDLE_IDENTIFIER = "Max-Gillespie.gridMVP-3-0";
				PRODUCT_NAME = "$(TARGET_NAME)";
				SWIFT_VERSION = 5.0;
				TARGETED_DEVICE_FAMILY = "1,2";
			};
			name = Release;
		};
		F688F005233D4AB300323C04 /* Debug */ = {
			isa = XCBuildConfiguration;
			buildSettings = {
				ALWAYS_EMBED_SWIFT_STANDARD_LIBRARIES = YES;
				BUNDLE_LOADER = "$(TEST_HOST)";
				CODE_SIGN_STYLE = Automatic;
				DEVELOPMENT_TEAM = Q7TC672PPY;
				INFOPLIST_FILE = gridMVP_3.0Tests/Info.plist;
				IPHONEOS_DEPLOYMENT_TARGET = 13.0;
				LD_RUNPATH_SEARCH_PATHS = (
					"$(inherited)",
					"@executable_path/Frameworks",
					"@loader_path/Frameworks",
				);
				PRODUCT_BUNDLE_IDENTIFIER = "Max-Gillespie.gridMVP-3-0Tests";
				PRODUCT_NAME = "$(TARGET_NAME)";
				SWIFT_VERSION = 5.0;
				TARGETED_DEVICE_FAMILY = "1,2";
				TEST_HOST = "$(BUILT_PRODUCTS_DIR)/gridMVP_3.0.app/gridMVP_3.0";
			};
			name = Debug;
		};
		F688F006233D4AB300323C04 /* Release */ = {
			isa = XCBuildConfiguration;
			buildSettings = {
				ALWAYS_EMBED_SWIFT_STANDARD_LIBRARIES = YES;
				BUNDLE_LOADER = "$(TEST_HOST)";
				CODE_SIGN_STYLE = Automatic;
				DEVELOPMENT_TEAM = Q7TC672PPY;
				INFOPLIST_FILE = gridMVP_3.0Tests/Info.plist;
				IPHONEOS_DEPLOYMENT_TARGET = 13.0;
				LD_RUNPATH_SEARCH_PATHS = (
					"$(inherited)",
					"@executable_path/Frameworks",
					"@loader_path/Frameworks",
				);
				PRODUCT_BUNDLE_IDENTIFIER = "Max-Gillespie.gridMVP-3-0Tests";
				PRODUCT_NAME = "$(TARGET_NAME)";
				SWIFT_VERSION = 5.0;
				TARGETED_DEVICE_FAMILY = "1,2";
				TEST_HOST = "$(BUILT_PRODUCTS_DIR)/gridMVP_3.0.app/gridMVP_3.0";
			};
			name = Release;
		};
		F688F008233D4AB300323C04 /* Debug */ = {
			isa = XCBuildConfiguration;
			buildSettings = {
				ALWAYS_EMBED_SWIFT_STANDARD_LIBRARIES = YES;
				CODE_SIGN_STYLE = Automatic;
				DEVELOPMENT_TEAM = Q7TC672PPY;
				INFOPLIST_FILE = gridMVP_3.0UITests/Info.plist;
				LD_RUNPATH_SEARCH_PATHS = (
					"$(inherited)",
					"@executable_path/Frameworks",
					"@loader_path/Frameworks",
				);
				PRODUCT_BUNDLE_IDENTIFIER = "Max-Gillespie.gridMVP-3-0UITests";
				PRODUCT_NAME = "$(TARGET_NAME)";
				SWIFT_VERSION = 5.0;
				TARGETED_DEVICE_FAMILY = "1,2";
				TEST_TARGET_NAME = gridMVP_3.0;
			};
			name = Debug;
		};
		F688F009233D4AB300323C04 /* Release */ = {
			isa = XCBuildConfiguration;
			buildSettings = {
				ALWAYS_EMBED_SWIFT_STANDARD_LIBRARIES = YES;
				CODE_SIGN_STYLE = Automatic;
				DEVELOPMENT_TEAM = Q7TC672PPY;
				INFOPLIST_FILE = gridMVP_3.0UITests/Info.plist;
				LD_RUNPATH_SEARCH_PATHS = (
					"$(inherited)",
					"@executable_path/Frameworks",
					"@loader_path/Frameworks",
				);
				PRODUCT_BUNDLE_IDENTIFIER = "Max-Gillespie.gridMVP-3-0UITests";
				PRODUCT_NAME = "$(TARGET_NAME)";
				SWIFT_VERSION = 5.0;
				TARGETED_DEVICE_FAMILY = "1,2";
				TEST_TARGET_NAME = gridMVP_3.0;
			};
			name = Release;
		};
/* End XCBuildConfiguration section */

/* Begin XCConfigurationList section */
		F688EFCF233D4AB200323C04 /* Build configuration list for PBXProject "gridMVP_3.0" */ = {
			isa = XCConfigurationList;
			buildConfigurations = (
				F688EFFF233D4AB300323C04 /* Debug */,
				F688F000233D4AB300323C04 /* Release */,
			);
			defaultConfigurationIsVisible = 0;
			defaultConfigurationName = Release;
		};
		F688F001233D4AB300323C04 /* Build configuration list for PBXNativeTarget "gridMVP_3.0" */ = {
			isa = XCConfigurationList;
			buildConfigurations = (
				F688F002233D4AB300323C04 /* Debug */,
				F688F003233D4AB300323C04 /* Release */,
			);
			defaultConfigurationIsVisible = 0;
			defaultConfigurationName = Release;
		};
		F688F004233D4AB300323C04 /* Build configuration list for PBXNativeTarget "gridMVP_3.0Tests" */ = {
			isa = XCConfigurationList;
			buildConfigurations = (
				F688F005233D4AB300323C04 /* Debug */,
				F688F006233D4AB300323C04 /* Release */,
			);
			defaultConfigurationIsVisible = 0;
			defaultConfigurationName = Release;
		};
		F688F007233D4AB300323C04 /* Build configuration list for PBXNativeTarget "gridMVP_3.0UITests" */ = {
			isa = XCConfigurationList;
			buildConfigurations = (
				F688F008233D4AB300323C04 /* Debug */,
				F688F009233D4AB300323C04 /* Release */,
			);
			defaultConfigurationIsVisible = 0;
			defaultConfigurationName = Release;
		};
/* End XCConfigurationList section */

/* Begin XCVersionGroup section */
		F688EFDB233D4AB200323C04 /* gridMVP_3_0.xcdatamodeld */ = {
			isa = XCVersionGroup;
			children = (
				F688EFDC233D4AB200323C04 /* gridMVP_3_0.xcdatamodel */,
			);
			currentVersion = F688EFDC233D4AB200323C04 /* gridMVP_3_0.xcdatamodel */;
			path = gridMVP_3_0.xcdatamodeld;
			sourceTree = "<group>";
			versionGroupType = wrapper.xcdatamodel;
		};
/* End XCVersionGroup section */
	};
	rootObject = F688EFCC233D4AB200323C04 /* Project object */;
}
